
Microsoft Visual Studio Solution File, Format Version 12.00
Project("{FAE04EC0-301F-11D3-BF4B-00C04F79EFBC}") = "project1", "project1\project1.csproj", "{C32EBDE9-88E5-44E9-BA4F-F295205ABAA2}"
EndProject
Global
	GlobalSection(SolutionConfigurationPlatforms) = preSolution
		Debug|Any CPU = Debug|Any CPU
		Release|Any CPU = Release|Any CPU
	EndGlobalSection
	GlobalSection(ProjectConfigurationPlatforms) = postSolution
		{C32EBDE9-88E5-44E9-BA4F-F295205ABAA2}.Debug|Any CPU.ActiveCfg = Debug|Any CPU
		{C32EBDE9-88E5-44E9-BA4F-F295205ABAA2}.Debug|Any CPU.Build.0 = Debug|Any CPU
		{C32EBDE9-88E5-44E9-BA4F-F295205ABAA2}.Release|Any CPU.ActiveCfg = Release|Any CPU
		{C32EBDE9-88E5-44E9-BA4F-F295205ABAA2}.Release|Any CPU.Build.0 = Release|Any CPU
	EndGlobalSection
EndGlobal
